// !$*UTF8*$!
{
	archiveVersion = 1;
	classes = {
	};
	objectVersion = 50;
	objects = {

/* Begin PBXBuildFile section */
		2E38EFA52681D52F00CF0BC6 /* AppDelegate.swift in Sources */ = {isa = PBXBuildFile; fileRef = 2E38EFA42681D52F00CF0BC6 /* AppDelegate.swift */; };
		2E38EFA72681D52F00CF0BC6 /* SceneDelegate.swift in Sources */ = {isa = PBXBuildFile; fileRef = 2E38EFA62681D52F00CF0BC6 /* SceneDelegate.swift */; };
		2E38EFA92681D52F00CF0BC6 /* ViewController.swift in Sources */ = {isa = PBXBuildFile; fileRef = 2E38EFA82681D52F00CF0BC6 /* ViewController.swift */; };
		2E38EFAC2681D52F00CF0BC6 /* Main.storyboard in Resources */ = {isa = PBXBuildFile; fileRef = 2E38EFAA2681D52F00CF0BC6 /* Main.storyboard */; };
		2E38EFAE2681D53200CF0BC6 /* Assets.xcassets in Resources */ = {isa = PBXBuildFile; fileRef = 2E38EFAD2681D53200CF0BC6 /* Assets.xcassets */; };
		2E38EFB12681D53200CF0BC6 /* LaunchScreen.storyboard in Resources */ = {isa = PBXBuildFile; fileRef = 2E38EFAF2681D53200CF0BC6 /* LaunchScreen.storyboard */; };
		2E38EFBC2681D53300CF0BC6 /* Concert_listTests.swift in Sources */ = {isa = PBXBuildFile; fileRef = 2E38EFBB2681D53300CF0BC6 /* Concert_listTests.swift */; };
		2E38EFC72681D53300CF0BC6 /* Concert_listUITests.swift in Sources */ = {isa = PBXBuildFile; fileRef = 2E38EFC62681D53300CF0BC6 /* Concert_listUITests.swift */; };
/* End PBXBuildFile section */

/* Begin PBXContainerItemProxy section */
		2E38EFB82681D53300CF0BC6 /* PBXContainerItemProxy */ = {
			isa = PBXContainerItemProxy;
			containerPortal = 2E38EF992681D52F00CF0BC6 /* Project object */;
			proxyType = 1;
			remoteGlobalIDString = 2E38EFA02681D52F00CF0BC6;
			remoteInfo = "Concert list";
		};
		2E38EFC32681D53300CF0BC6 /* PBXContainerItemProxy */ = {
			isa = PBXContainerItemProxy;
			containerPortal = 2E38EF992681D52F00CF0BC6 /* Project object */;
			proxyType = 1;
			remoteGlobalIDString = 2E38EFA02681D52F00CF0BC6;
			remoteInfo = "Concert list";
		};
/* End PBXContainerItemProxy section */

/* Begin PBXFileReference section */
		2E38EFA12681D52F00CF0BC6 /* Concert list.app */ = {isa = PBXFileReference; explicitFileType = wrapper.application; includeInIndex = 0; path = "Concert list.app"; sourceTree = BUILT_PRODUCTS_DIR; };
		2E38EFA42681D52F00CF0BC6 /* AppDelegate.swift */ = {isa = PBXFileReference; lastKnownFileType = sourcecode.swift; path = AppDelegate.swift; sourceTree = "<group>"; };
		2E38EFA62681D52F00CF0BC6 /* SceneDelegate.swift */ = {isa = PBXFileReference; lastKnownFileType = sourcecode.swift; path = SceneDelegate.swift; sourceTree = "<group>"; };
		2E38EFA82681D52F00CF0BC6 /* ViewController.swift */ = {isa = PBXFileReference; lastKnownFileType = sourcecode.swift; path = ViewController.swift; sourceTree = "<group>"; };
		2E38EFAB2681D52F00CF0BC6 /* Base */ = {isa = PBXFileReference; lastKnownFileType = file.storyboard; name = Base; path = Base.lproj/Main.storyboard; sourceTree = "<group>"; };
		2E38EFAD2681D53200CF0BC6 /* Assets.xcassets */ = {isa = PBXFileReference; lastKnownFileType = folder.assetcatalog; path = Assets.xcassets; sourceTree = "<group>"; };
		2E38EFB02681D53200CF0BC6 /* Base */ = {isa = PBXFileReference; lastKnownFileType = file.storyboard; name = Base; path = Base.lproj/LaunchScreen.storyboard; sourceTree = "<group>"; };
		2E38EFB22681D53200CF0BC6 /* Info.plist */ = {isa = PBXFileReference; lastKnownFileType = text.plist.xml; path = Info.plist; sourceTree = "<group>"; };
		2E38EFB72681D53300CF0BC6 /* Concert listTests.xctest */ = {isa = PBXFileReference; explicitFileType = wrapper.cfbundle; includeInIndex = 0; path = "Concert listTests.xctest"; sourceTree = BUILT_PRODUCTS_DIR; };
		2E38EFBB2681D53300CF0BC6 /* Concert_listTests.swift */ = {isa = PBXFileReference; lastKnownFileType = sourcecode.swift; path = Concert_listTests.swift; sourceTree = "<group>"; };
		2E38EFBD2681D53300CF0BC6 /* Info.plist */ = {isa = PBXFileReference; lastKnownFileType = text.plist.xml; path = Info.plist; sourceTree = "<group>"; };
		2E38EFC22681D53300CF0BC6 /* Concert listUITests.xctest */ = {isa = PBXFileReference; explicitFileType = wrapper.cfbundle; includeInIndex = 0; path = "Concert listUITests.xctest"; sourceTree = BUILT_PRODUCTS_DIR; };
		2E38EFC62681D53300CF0BC6 /* Concert_listUITests.swift */ = {isa = PBXFileReference; lastKnownFileType = sourcecode.swift; path = Concert_listUITests.swift; sourceTree = "<group>"; };
		2E38EFC82681D53300CF0BC6 /* Info.plist */ = {isa = PBXFileReference; lastKnownFileType = text.plist.xml; path = Info.plist; sourceTree = "<group>"; };
/* End PBXFileReference section */

/* Begin PBXFrameworksBuildPhase section */
		2E38EF9E2681D52F00CF0BC6 /* Frameworks */ = {
			isa = PBXFrameworksBuildPhase;
			buildActionMask = 2147483647;
			files = (
			);
			runOnlyForDeploymentPostprocessing = 0;
		};
		2E38EFB42681D53300CF0BC6 /* Frameworks */ = {
			isa = PBXFrameworksBuildPhase;
			buildActionMask = 2147483647;
			files = (
			);
			runOnlyForDeploymentPostprocessing = 0;
		};
		2E38EFBF2681D53300CF0BC6 /* Frameworks */ = {
			isa = PBXFrameworksBuildPhase;
			buildActionMask = 2147483647;
			files = (
			);
			runOnlyForDeploymentPostprocessing = 0;
		};
/* End PBXFrameworksBuildPhase section */

/* Begin PBXGroup section */
		2E38EF982681D52F00CF0BC6 = {
			isa = PBXGroup;
			children = (
				2E38EFA32681D52F00CF0BC6 /* Concert list */,
				2E38EFBA2681D53300CF0BC6 /* Concert listTests */,
				2E38EFC52681D53300CF0BC6 /* Concert listUITests */,
				2E38EFA22681D52F00CF0BC6 /* Products */,
			);
			sourceTree = "<group>";
		};
		2E38EFA22681D52F00CF0BC6 /* Products */ = {
			isa = PBXGroup;
			children = (
				2E38EFA12681D52F00CF0BC6 /* Concert list.app */,
				2E38EFB72681D53300CF0BC6 /* Concert listTests.xctest */,
				2E38EFC22681D53300CF0BC6 /* Concert listUITests.xctest */,
			);
			name = Products;
			sourceTree = "<group>";
		};
		2E38EFA32681D52F00CF0BC6 /* Concert list */ = {
			isa = PBXGroup;
			children = (
				2E38EFA42681D52F00CF0BC6 /* AppDelegate.swift */,
				2E38EFA62681D52F00CF0BC6 /* SceneDelegate.swift */,
				2E38EFA82681D52F00CF0BC6 /* ViewController.swift */,
				2E38EFAA2681D52F00CF0BC6 /* Main.storyboard */,
				2E38EFAD2681D53200CF0BC6 /* Assets.xcassets */,
				2E38EFAF2681D53200CF0BC6 /* LaunchScreen.storyboard */,
				2E38EFB22681D53200CF0BC6 /* Info.plist */,
			);
			path = "Concert list";
			sourceTree = "<group>";
		};
		2E38EFBA2681D53300CF0BC6 /* Concert listTests */ = {
			isa = PBXGroup;
			children = (
				2E38EFBB2681D53300CF0BC6 /* Concert_listTests.swift */,
				2E38EFBD2681D53300CF0BC6 /* Info.plist */,
			);
			path = "Concert listTests";
			sourceTree = "<group>";
		};
		2E38EFC52681D53300CF0BC6 /* Concert listUITests */ = {
			isa = PBXGroup;
			children = (
				2E38EFC62681D53300CF0BC6 /* Concert_listUITests.swift */,
				2E38EFC82681D53300CF0BC6 /* Info.plist */,
			);
			path = "Concert listUITests";
			sourceTree = "<group>";
		};
/* End PBXGroup section */

/* Begin PBXNativeTarget section */
		2E38EFA02681D52F00CF0BC6 /* Concert list */ = {
			isa = PBXNativeTarget;
			buildConfigurationList = 2E38EFCB2681D53300CF0BC6 /* Build configuration list for PBXNativeTarget "Concert list" */;
			buildPhases = (
				2E38EF9D2681D52F00CF0BC6 /* Sources */,
				2E38EF9E2681D52F00CF0BC6 /* Frameworks */,
				2E38EF9F2681D52F00CF0BC6 /* Resources */,
			);
			buildRules = (
			);
			dependencies = (
			);
			name = "Concert list";
			productName = "Concert list";
			productReference = 2E38EFA12681D52F00CF0BC6 /* Concert list.app */;
			productType = "com.apple.product-type.application";
		};
		2E38EFB62681D53300CF0BC6 /* Concert listTests */ = {
			isa = PBXNativeTarget;
			buildConfigurationList = 2E38EFCE2681D53300CF0BC6 /* Build configuration list for PBXNativeTarget "Concert listTests" */;
			buildPhases = (
				2E38EFB32681D53300CF0BC6 /* Sources */,
				2E38EFB42681D53300CF0BC6 /* Frameworks */,
				2E38EFB52681D53300CF0BC6 /* Resources */,
			);
			buildRules = (
			);
			dependencies = (
				2E38EFB92681D53300CF0BC6 /* PBXTargetDependency */,
			);
			name = "Concert listTests";
			productName = "Concert listTests";
			productReference = 2E38EFB72681D53300CF0BC6 /* Concert listTests.xctest */;
			productType = "com.apple.product-type.bundle.unit-test";
		};
		2E38EFC12681D53300CF0BC6 /* Concert listUITests */ = {
			isa = PBXNativeTarget;
			buildConfigurationList = 2E38EFD12681D53300CF0BC6 /* Build configuration list for PBXNativeTarget "Concert listUITests" */;
			buildPhases = (
				2E38EFBE2681D53300CF0BC6 /* Sources */,
				2E38EFBF2681D53300CF0BC6 /* Frameworks */,
				2E38EFC02681D53300CF0BC6 /* Resources */,
			);
			buildRules = (
			);
			dependencies = (
				2E38EFC42681D53300CF0BC6 /* PBXTargetDependency */,
			);
			name = "Concert listUITests";
			productName = "Concert listUITests";
			productReference = 2E38EFC22681D53300CF0BC6 /* Concert listUITests.xctest */;
			productType = "com.apple.product-type.bundle.ui-testing";
		};
/* End PBXNativeTarget section */

/* Begin PBXProject section */
		2E38EF992681D52F00CF0BC6 /* Project object */ = {
			isa = PBXProject;
			attributes = {
				LastSwiftUpdateCheck = 1250;
				LastUpgradeCheck = 1250;
				TargetAttributes = {
					2E38EFA02681D52F00CF0BC6 = {
						CreatedOnToolsVersion = 12.5;
					};
					2E38EFB62681D53300CF0BC6 = {
						CreatedOnToolsVersion = 12.5;
						TestTargetID = 2E38EFA02681D52F00CF0BC6;
					};
					2E38EFC12681D53300CF0BC6 = {
						CreatedOnToolsVersion = 12.5;
						TestTargetID = 2E38EFA02681D52F00CF0BC6;
					};
				};
			};
			buildConfigurationList = 2E38EF9C2681D52F00CF0BC6 /* Build configuration list for PBXProject "Concert list" */;
			compatibilityVersion = "Xcode 9.3";
			developmentRegion = en;
			hasScannedForEncodings = 0;
			knownRegions = (
				en,
				Base,
			);
			mainGroup = 2E38EF982681D52F00CF0BC6;
			productRefGroup = 2E38EFA22681D52F00CF0BC6 /* Products */;
			projectDirPath = "";
			projectRoot = "";
			targets = (
				2E38EFA02681D52F00CF0BC6 /* Concert list */,
				2E38EFB62681D53300CF0BC6 /* Concert listTests */,
				2E38EFC12681D53300CF0BC6 /* Concert listUITests */,
			);
		};
/* End PBXProject section */

/* Begin PBXResourcesBuildPhase section */
		2E38EF9F2681D52F00CF0BC6 /* Resources */ = {
			isa = PBXResourcesBuildPhase;
			buildActionMask = 2147483647;
			files = (
				2E38EFB12681D53200CF0BC6 /* LaunchScreen.storyboard in Resources */,
				2E38EFAE2681D53200CF0BC6 /* Assets.xcassets in Resources */,
				2E38EFAC2681D52F00CF0BC6 /* Main.storyboard in Resources */,
			);
			runOnlyForDeploymentPostprocessing = 0;
		};
		2E38EFB52681D53300CF0BC6 /* Resources */ = {
			isa = PBXResourcesBuildPhase;
			buildActionMask = 2147483647;
			files = (
			);
			runOnlyForDeploymentPostprocessing = 0;
		};
		2E38EFC02681D53300CF0BC6 /* Resources */ = {
			isa = PBXResourcesBuildPhase;
			buildActionMask = 2147483647;
			files = (
			);
			runOnlyForDeploymentPostprocessing = 0;
		};
/* End PBXResourcesBuildPhase section */

/* Begin PBXSourcesBuildPhase section */
		2E38EF9D2681D52F00CF0BC6 /* Sources */ = {
			isa = PBXSourcesBuildPhase;
			buildActionMask = 2147483647;
			files = (
				2E38EFA92681D52F00CF0BC6 /* ViewController.swift in Sources */,
				2E38EFA52681D52F00CF0BC6 /* AppDelegate.swift in Sources */,
				2E38EFA72681D52F00CF0BC6 /* SceneDelegate.swift in Sources */,
			);
			runOnlyForDeploymentPostprocessing = 0;
		};
		2E38EFB32681D53300CF0BC6 /* Sources */ = {
			isa = PBXSourcesBuildPhase;
			buildActionMask = 2147483647;
			files = (
				2E38EFBC2681D53300CF0BC6 /* Concert_listTests.swift in Sources */,
			);
			runOnlyForDeploymentPostprocessing = 0;
		};
		2E38EFBE2681D53300CF0BC6 /* Sources */ = {
			isa = PBXSourcesBuildPhase;
			buildActionMask = 2147483647;
			files = (
				2E38EFC72681D53300CF0BC6 /* Concert_listUITests.swift in Sources */,
			);
			runOnlyForDeploymentPostprocessing = 0;
		};
/* End PBXSourcesBuildPhase section */

/* Begin PBXTargetDependency section */
		2E38EFB92681D53300CF0BC6 /* PBXTargetDependency */ = {
			isa = PBXTargetDependency;
			target = 2E38EFA02681D52F00CF0BC6 /* Concert list */;
			targetProxy = 2E38EFB82681D53300CF0BC6 /* PBXContainerItemProxy */;
		};
		2E38EFC42681D53300CF0BC6 /* PBXTargetDependency */ = {
			isa = PBXTargetDependency;
			target = 2E38EFA02681D52F00CF0BC6 /* Concert list */;
			targetProxy = 2E38EFC32681D53300CF0BC6 /* PBXContainerItemProxy */;
		};
/* End PBXTargetDependency section */

/* Begin PBXVariantGroup section */
		2E38EFAA2681D52F00CF0BC6 /* Main.storyboard */ = {
			isa = PBXVariantGroup;
			children = (
				2E38EFAB2681D52F00CF0BC6 /* Base */,
			);
			name = Main.storyboard;
			sourceTree = "<group>";
		};
		2E38EFAF2681D53200CF0BC6 /* LaunchScreen.storyboard */ = {
			isa = PBXVariantGroup;
			children = (
				2E38EFB02681D53200CF0BC6 /* Base */,
			);
			name = LaunchScreen.storyboard;
			sourceTree = "<group>";
		};
/* End PBXVariantGroup section */

/* Begin XCBuildConfiguration section */
		2E38EFC92681D53300CF0BC6 /* Debug */ = {
			isa = XCBuildConfiguration;
			buildSettings = {
				ALWAYS_SEARCH_USER_PATHS = NO;
				CLANG_ANALYZER_NONNULL = YES;
				CLANG_ANALYZER_NUMBER_OBJECT_CONVERSION = YES_AGGRESSIVE;
				CLANG_CXX_LANGUAGE_STANDARD = "gnu++14";
				CLANG_CXX_LIBRARY = "libc++";
				CLANG_ENABLE_MODULES = YES;
				CLANG_ENABLE_OBJC_ARC = YES;
				CLANG_ENABLE_OBJC_WEAK = YES;
				CLANG_WARN_BLOCK_CAPTURE_AUTORELEASING = YES;
				CLANG_WARN_BOOL_CONVERSION = YES;
				CLANG_WARN_COMMA = YES;
				CLANG_WARN_CONSTANT_CONVERSION = YES;
				CLANG_WARN_DEPRECATED_OBJC_IMPLEMENTATIONS = YES;
				CLANG_WARN_DIRECT_OBJC_ISA_USAGE = YES_ERROR;
				CLANG_WARN_DOCUMENTATION_COMMENTS = YES;
				CLANG_WARN_EMPTY_BODY = YES;
				CLANG_WARN_ENUM_CONVERSION = YES;
				CLANG_WARN_INFINITE_RECURSION = YES;
				CLANG_WARN_INT_CONVERSION = YES;
				CLANG_WARN_NON_LITERAL_NULL_CONVERSION = YES;
				CLANG_WARN_OBJC_IMPLICIT_RETAIN_SELF = YES;
				CLANG_WARN_OBJC_LITERAL_CONVERSION = YES;
				CLANG_WARN_OBJC_ROOT_CLASS = YES_ERROR;
				CLANG_WARN_QUOTED_INCLUDE_IN_FRAMEWORK_HEADER = YES;
				CLANG_WARN_RANGE_LOOP_ANALYSIS = YES;
				CLANG_WARN_STRICT_PROTOTYPES = YES;
				CLANG_WARN_SUSPICIOUS_MOVE = YES;
				CLANG_WARN_UNGUARDED_AVAILABILITY = YES_AGGRESSIVE;
				CLANG_WARN_UNREACHABLE_CODE = YES;
				CLANG_WARN__DUPLICATE_METHOD_MATCH = YES;
				COPY_PHASE_STRIP = NO;
				DEBUG_INFORMATION_FORMAT = dwarf;
				ENABLE_STRICT_OBJC_MSGSEND = YES;
				ENABLE_TESTABILITY = YES;
				GCC_C_LANGUAGE_STANDARD = gnu11;
				GCC_DYNAMIC_NO_PIC = NO;
				GCC_NO_COMMON_BLOCKS = YES;
				GCC_OPTIMIZATION_LEVEL = 0;
				GCC_PREPROCESSOR_DEFINITIONS = (
					"DEBUG=1",
					"$(inherited)",
				);
				GCC_WARN_64_TO_32_BIT_CONVERSION = YES;
				GCC_WARN_ABOUT_RETURN_TYPE = YES_ERROR;
				GCC_WARN_UNDECLARED_SELECTOR = YES;
				GCC_WARN_UNINITIALIZED_AUTOS = YES_AGGRESSIVE;
				GCC_WARN_UNUSED_FUNCTION = YES;
				GCC_WARN_UNUSED_VARIABLE = YES;
				IPHONEOS_DEPLOYMENT_TARGET = 14.5;
				MTL_ENABLE_DEBUG_INFO = INCLUDE_SOURCE;
				MTL_FAST_MATH = YES;
				ONLY_ACTIVE_ARCH = YES;
				SDKROOT = iphoneos;
				SWIFT_ACTIVE_COMPILATION_CONDITIONS = DEBUG;
				SWIFT_OPTIMIZATION_LEVEL = "-Onone";
			};
			name = Debug;
		};
		2E38EFCA2681D53300CF0BC6 /* Release */ = {
			isa = XCBuildConfiguration;
			buildSettings = {
				ALWAYS_SEARCH_USER_PATHS = NO;
				CLANG_ANALYZER_NONNULL = YES;
				CLANG_ANALYZER_NUMBER_OBJECT_CONVERSION = YES_AGGRESSIVE;
				CLANG_CXX_LANGUAGE_STANDARD = "gnu++14";
				CLANG_CXX_LIBRARY = "libc++";
				CLANG_ENABLE_MODULES = YES;
				CLANG_ENABLE_OBJC_ARC = YES;
				CLANG_ENABLE_OBJC_WEAK = YES;
				CLANG_WARN_BLOCK_CAPTURE_AUTORELEASING = YES;
				CLANG_WARN_BOOL_CONVERSION = YES;
				CLANG_WARN_COMMA = YES;
				CLANG_WARN_CONSTANT_CONVERSION = YES;
				CLANG_WARN_DEPRECATED_OBJC_IMPLEMENTATIONS = YES;
				CLANG_WARN_DIRECT_OBJC_ISA_USAGE = YES_ERROR;
				CLANG_WARN_DOCUMENTATION_COMMENTS = YES;
				CLANG_WARN_EMPTY_BODY = YES;
				CLANG_WARN_ENUM_CONVERSION = YES;
				CLANG_WARN_INFINITE_RECURSION = YES;
				CLANG_WARN_INT_CONVERSION = YES;
				CLANG_WARN_NON_LITERAL_NULL_CONVERSION = YES;
				CLANG_WARN_OBJC_IMPLICIT_RETAIN_SELF = YES;
				CLANG_WARN_OBJC_LITERAL_CONVERSION = YES;
				CLANG_WARN_OBJC_ROOT_CLASS = YES_ERROR;
				CLANG_WARN_QUOTED_INCLUDE_IN_FRAMEWORK_HEADER = YES;
				CLANG_WARN_RANGE_LOOP_ANALYSIS = YES;
				CLANG_WARN_STRICT_PROTOTYPES = YES;
				CLANG_WARN_SUSPICIOUS_MOVE = YES;
				CLANG_WARN_UNGUARDED_AVAILABILITY = YES_AGGRESSIVE;
				CLANG_WARN_UNREACHABLE_CODE = YES;
				CLANG_WARN__DUPLICATE_METHOD_MATCH = YES;
				COPY_PHASE_STRIP = NO;
				DEBUG_INFORMATION_FORMAT = "dwarf-with-dsym";
				ENABLE_NS_ASSERTIONS = NO;
				ENABLE_STRICT_OBJC_MSGSEND = YES;
				GCC_C_LANGUAGE_STANDARD = gnu11;
				GCC_NO_COMMON_BLOCKS = YES;
				GCC_WARN_64_TO_32_BIT_CONVERSION = YES;
				GCC_WARN_ABOUT_RETURN_TYPE = YES_ERROR;
				GCC_WARN_UNDECLARED_SELECTOR = YES;
				GCC_WARN_UNINITIALIZED_AUTOS = YES_AGGRESSIVE;
				GCC_WARN_UNUSED_FUNCTION = YES;
				GCC_WARN_UNUSED_VARIABLE = YES;
				IPHONEOS_DEPLOYMENT_TARGET = 14.5;
				MTL_ENABLE_DEBUG_INFO = NO;
				MTL_FAST_MATH = YES;
				SDKROOT = iphoneos;
				SWIFT_COMPILATION_MODE = wholemodule;
				SWIFT_OPTIMIZATION_LEVEL = "-O";
				VALIDATE_PRODUCT = YES;
			};
			name = Release;
		};
		2E38EFCC2681D53300CF0BC6 /* Debug */ = {
			isa = XCBuildConfiguration;
			buildSettings = {
				ASSETCATALOG_COMPILER_APPICON_NAME = AppIcon;
				ASSETCATALOG_COMPILER_GLOBAL_ACCENT_COLOR_NAME = AccentColor;
				CODE_SIGN_STYLE = Automatic;
				DEVELOPMENT_TEAM = 3VN3XCWUGK;
				INFOPLIST_FILE = "Concert list/Info.plist";
				LD_RUNPATH_SEARCH_PATHS = (
					"$(inherited)",
					"@executable_path/Frameworks",
				);
				PRODUCT_BUNDLE_IDENTIFIER = "com.testProj.Concert-list";
				PRODUCT_NAME = "$(TARGET_NAME)";
				SWIFT_VERSION = 5.0;
				TARGETED_DEVICE_FAMILY = "1,2";
			};
			name = Debug;
		};
		2E38EFCD2681D53300CF0BC6 /* Release */ = {
			isa = XCBuildConfiguration;
			buildSettings = {
				ASSETCATALOG_COMPILER_APPICON_NAME = AppIcon;
				ASSETCATALOG_COMPILER_GLOBAL_ACCENT_COLOR_NAME = AccentColor;
				CODE_SIGN_STYLE = Automatic;
				DEVELOPMENT_TEAM = 3VN3XCWUGK;
				INFOPLIST_FILE = "Concert list/Info.plist";
				LD_RUNPATH_SEARCH_PATHS = (
					"$(inherited)",
					"@executable_path/Frameworks",
				);
				PRODUCT_BUNDLE_IDENTIFIER = "com.testProj.Concert-list";
				PRODUCT_NAME = "$(TARGET_NAME)";
				SWIFT_VERSION = 5.0;
				TARGETED_DEVICE_FAMILY = "1,2";
			};
			name = Release;
		};
		2E38EFCF2681D53300CF0BC6 /* Debug */ = {
			isa = XCBuildConfiguration;
			buildSettings = {
				ALWAYS_EMBED_SWIFT_STANDARD_LIBRARIES = YES;
				BUNDLE_LOADER = "$(TEST_HOST)";
				CODE_SIGN_STYLE = Automatic;
				DEVELOPMENT_TEAM = 3VN3XCWUGK;
				INFOPLIST_FILE = "Concert listTests/Info.plist";
				IPHONEOS_DEPLOYMENT_TARGET = 14.5;
				LD_RUNPATH_SEARCH_PATHS = (
					"$(inherited)",
					"@executable_path/Frameworks",
					"@loader_path/Frameworks",
				);
				PRODUCT_BUNDLE_IDENTIFIER = "com.testProj.Concert-listTests";
				PRODUCT_NAME = "$(TARGET_NAME)";
				SWIFT_VERSION = 5.0;
				TARGETED_DEVICE_FAMILY = "1,2";
				TEST_HOST = "$(BUILT_PRODUCTS_DIR)/Concert list.app/Concert list";
			};
			name = Debug;
		};
		2E38EFD02681D53300CF0BC6 /* Release */ = {
			isa = XCBuildConfiguration;
			buildSettings = {
				ALWAYS_EMBED_SWIFT_STANDARD_LIBRARIES = YES;
				BUNDLE_LOADER = "$(TEST_HOST)";
				CODE_SIGN_STYLE = Automatic;
				DEVELOPMENT_TEAM = 3VN3XCWUGK;
				INFOPLIST_FILE = "Concert listTests/Info.plist";
				IPHONEOS_DEPLOYMENT_TARGET = 14.5;
				LD_RUNPATH_SEARCH_PATHS = (
					"$(inherited)",
					"@executable_path/Frameworks",
					"@loader_path/Frameworks",
				);
				PRODUCT_BUNDLE_IDENTIFIER = "com.testProj.Concert-listTests";
				PRODUCT_NAME = "$(TARGET_NAME)";
				SWIFT_VERSION = 5.0;
				TARGETED_DEVICE_FAMILY = "1,2";
				TEST_HOST = "$(BUILT_PRODUCTS_DIR)/Concert list.app/Concert list";
			};
			name = Release;
		};
		2E38EFD22681D53300CF0BC6 /* Debug */ = {
			isa = XCBuildConfiguration;
			buildSettings = {
				ALWAYS_EMBED_SWIFT_STANDARD_LIBRARIES = YES;
				CODE_SIGN_STYLE = Automatic;
				DEVELOPMENT_TEAM = 3VN3XCWUGK;
				INFOPLIST_FILE = "Concert listUITests/Info.plist";
				LD_RUNPATH_SEARCH_PATHS = (
					"$(inherited)",
					"@executable_path/Frameworks",
					"@loader_path/Frameworks",
				);
				PRODUCT_BUNDLE_IDENTIFIER = "com.testProj.Concert-listUITests";
				PRODUCT_NAME = "$(TARGET_NAME)";
				SWIFT_VERSION = 5.0;
				TARGETED_DEVICE_FAMILY = "1,2";
				TEST_TARGET_NAME = "Concert list";
			};
			name = Debug;
		};
		2E38EFD32681D53300CF0BC6 /* Release */ = {
			isa = XCBuildConfiguration;
			buildSettings = {
				ALWAYS_EMBED_SWIFT_STANDARD_LIBRARIES = YES;
				CODE_SIGN_STYLE = Automatic;
				DEVELOPMENT_TEAM = 3VN3XCWUGK;
				INFOPLIST_FILE = "Concert listUITests/Info.plist";
				LD_RUNPATH_SEARCH_PATHS = (
					"$(inherited)",
					"@executable_path/Frameworks",
					"@loader_path/Frameworks",
				);
				PRODUCT_BUNDLE_IDENTIFIER = "com.testProj.Concert-listUITests";
				PRODUCT_NAME = "$(TARGET_NAME)";
				SWIFT_VERSION = 5.0;
				TARGETED_DEVICE_FAMILY = "1,2";
				TEST_TARGET_NAME = "Concert list";
			};
			name = Release;
		};
/* End XCBuildConfiguration section */

/* Begin XCConfigurationList section */
		2E38EF9C2681D52F00CF0BC6 /* Build configuration list for PBXProject "Concert list" */ = {
			isa = XCConfigurationList;
			buildConfigurations = (
				2E38EFC92681D53300CF0BC6 /* Debug */,
				2E38EFCA2681D53300CF0BC6 /* Release */,
			);
			defaultConfigurationIsVisible = 0;
			defaultConfigurationName = Release;
		};
		2E38EFCB2681D53300CF0BC6 /* Build configuration list for PBXNativeTarget "Concert list" */ = {
			isa = XCConfigurationList;
			buildConfigurations = (
				2E38EFCC2681D53300CF0BC6 /* Debug */,
				2E38EFCD2681D53300CF0BC6 /* Release */,
			);
			defaultConfigurationIsVisible = 0;
			defaultConfigurationName = Release;
		};
		2E38EFCE2681D53300CF0BC6 /* Build configuration list for PBXNativeTarget "Concert listTests" */ = {
			isa = XCConfigurationList;
			buildConfigurations = (
				2E38EFCF2681D53300CF0BC6 /* Debug */,
				2E38EFD02681D53300CF0BC6 /* Release */,
			);
			defaultConfigurationIsVisible = 0;
			defaultConfigurationName = Release;
		};
		2E38EFD12681D53300CF0BC6 /* Build configuration list for PBXNativeTarget "Concert listUITests" */ = {
			isa = XCConfigurationList;
			buildConfigurations = (
				2E38EFD22681D53300CF0BC6 /* Debug */,
				2E38EFD32681D53300CF0BC6 /* Release */,
			);
			defaultConfigurationIsVisible = 0;
			defaultConfigurationName = Release;
		};
/* End XCConfigurationList section */
	};
	rootObject = 2E38EF992681D52F00CF0BC6 /* Project object */;
}
